
Microsoft Visual Studio Solution File, Format Version 12.00
# Visual Studio Version 17
VisualStudioVersion = 17.11.35222.181
MinimumVisualStudioVersion = 10.0.40219.1
Project("{9A19103F-16F7-4668-BE54-9A1E7A4F7556}") = "SerialPortClient", "SerialPortClient\SerialPortClient.csproj", "{64EDEFB6-0B2A-4162-969D-804FDA4378AB}"
EndProject
Project("{FAE04EC0-301F-11D3-BF4B-00C04F79EFBC}") = "SerialPortTests", "SerialPortTests\SerialPortTests.csproj", "{6414BC62-CB39-4F23-9291-85920FEA5D13}"
EndProject
Project("{FAE04EC0-301F-11D3-BF4B-00C04F79EFBC}") = "SerialPortServer", "SerialPortServer\SerialPortServer.csproj", "{372E4AC0-8721-4209-991A-976A37D956A5}"
EndProject
Global
	GlobalSection(SolutionConfigurationPlatforms) = preSolution
		Debug|Any CPU = Debug|Any CPU
		Release|Any CPU = Release|Any CPU
	EndGlobalSection
	GlobalSection(ProjectConfigurationPlatforms) = postSolution
		{64EDEFB6-0B2A-4162-969D-804FDA4378AB}.Debug|Any CPU.ActiveCfg = Debug|Any CPU
		{64EDEFB6-0B2A-4162-969D-804FDA4378AB}.Debug|Any CPU.Build.0 = Debug|Any CPU
		{64EDEFB6-0B2A-4162-969D-804FDA4378AB}.Release|Any CPU.ActiveCfg = Release|Any CPU
		{64EDEFB6-0B2A-4162-969D-804FDA4378AB}.Release|Any CPU.Build.0 = Release|Any CPU
		{6414BC62-CB39-4F23-9291-85920FEA5D13}.Debug|Any CPU.ActiveCfg = Debug|Any CPU
		{6414BC62-CB39-4F23-9291-85920FEA5D13}.Debug|Any CPU.Build.0 = Debug|Any CPU
		{6414BC62-CB39-4F23-9291-85920FEA5D13}.Release|Any CPU.ActiveCfg = Release|Any CPU
		{6414BC62-CB39-4F23-9291-85920FEA5D13}.Release|Any CPU.Build.0 = Release|Any CPU
		{372E4AC0-8721-4209-991A-976A37D956A5}.Debug|Any CPU.ActiveCfg = Debug|Any CPU
		{372E4AC0-8721-4209-991A-976A37D956A5}.Debug|Any CPU.Build.0 = Debug|Any CPU
		{372E4AC0-8721-4209-991A-976A37D956A5}.Release|Any CPU.ActiveCfg = Release|Any CPU
		{372E4AC0-8721-4209-991A-976A37D956A5}.Release|Any CPU.Build.0 = Release|Any CPU
	EndGlobalSection
	GlobalSection(SolutionProperties) = preSolution
		HideSolutionNode = FALSE
	EndGlobalSection
	GlobalSection(ExtensibilityGlobals) = postSolution
		SolutionGuid = {7B87104B-5CD7-459C-8D11-0D3CDD6D8754}
	EndGlobalSection
EndGlobal
